
Microsoft Visual Studio Solution File, Format Version 11.00
# Visual Studio 2010
Project("{159641D6-6404-4A2A-AE62-294DE0FE8301}") = "IntegrationServicesKostuem140714", "..\KostumeIntegration_10_09\IS.dtproj", "{0FB129E2-54C7-494A-B0AB-7D244636AD18}"
EndProject
Project("{159641D6-6404-4A2A-AE62-294DE0FE8301}") = "IntegrationServicesKostume", "..\KostuemTestDB\IntegrationServicesKostume\IntegrationServicesKostume.dtproj", "{41C384DD-1276-43B6-AC45-70C21AE81598}"
EndProject
Project("{159641D6-6404-4A2A-AE62-294DE0FE8301}") = "KostuemTestDB", "..\KostuemTestDB\KostuemTestDB\KostuemTestDB.dtproj", "{CA866AA5-9209-4C5F-BB53-8EF15AE1208C}"
EndProject
Global
	GlobalSection(SolutionConfigurationPlatforms) = preSolution
		Development|Default = Development|Default
	EndGlobalSection
	GlobalSection(ProjectConfigurationPlatforms) = postSolution
		{0FB129E2-54C7-494A-B0AB-7D244636AD18}.Development|Default.ActiveCfg = Development
		{0FB129E2-54C7-494A-B0AB-7D244636AD18}.Development|Default.Build.0 = Development
		{41C384DD-1276-43B6-AC45-70C21AE81598}.Development|Default.ActiveCfg = Development
		{41C384DD-1276-43B6-AC45-70C21AE81598}.Development|Default.Build.0 = Development
		{CA866AA5-9209-4C5F-BB53-8EF15AE1208C}.Development|Default.ActiveCfg = Development
		{CA866AA5-9209-4C5F-BB53-8EF15AE1208C}.Development|Default.Build.0 = Development
	EndGlobalSection
	GlobalSection(SolutionProperties) = preSolution
		HideSolutionNode = FALSE
	EndGlobalSection
EndGlobal
