
Microsoft Visual Studio Solution File, Format Version 12.00
# Visual Studio 2013
VisualStudioVersion = 12.0.21005.1
MinimumVisualStudioVersion = 10.0.40219.1
Project("{D2ABAB84-BF74-430A-B69E-9DC6D40DDA17}") = "MUSE Analytics Ungewichtet", "MUSE Analytics\MUSE Analytics Ungewichtet.dwproj", "{DDCFD08F-F3EC-41E3-8689-09B2CECC7739}"
EndProject
Global
	GlobalSection(SolutionConfigurationPlatforms) = preSolution
		Development|Default = Development|Default
	EndGlobalSection
	GlobalSection(ProjectConfigurationPlatforms) = postSolution
		{DDCFD08F-F3EC-41E3-8689-09B2CECC7739}.Development|Default.ActiveCfg = Development
		{DDCFD08F-F3EC-41E3-8689-09B2CECC7739}.Development|Default.Build.0 = Development
		{DDCFD08F-F3EC-41E3-8689-09B2CECC7739}.Development|Default.Deploy.0 = Development
	EndGlobalSection
	GlobalSection(SolutionProperties) = preSolution
		HideSolutionNode = FALSE
	EndGlobalSection
EndGlobal
